
Microsoft Visual Studio Solution File, Format Version 12.00
# Visual Studio 14
VisualStudioVersion = 14.0.24720.0
MinimumVisualStudioVersion = 10.0.40219.1
Project("{FAE04EC0-301F-11D3-BF4B-00C04F79EFBC}") = "MonitoringAgent", "MonitoringAgent\MonitoringAgent.csproj", "{44EE042E-EB69-413C-ACDF-6093450B908C}"
EndProject
Global
	GlobalSection(SolutionConfigurationPlatforms) = preSolution
		Debug|Any CPU = Debug|Any CPU
		Release|Any CPU = Release|Any CPU
	EndGlobalSection
	GlobalSection(ProjectConfigurationPlatforms) = postSolution
		{44EE042E-EB69-413C-ACDF-6093450B908C}.Debug|Any CPU.ActiveCfg = Debug|Any CPU
		{44EE042E-EB69-413C-ACDF-6093450B908C}.Debug|Any CPU.Build.0 = Debug|Any CPU
		{44EE042E-EB69-413C-ACDF-6093450B908C}.Release|Any CPU.ActiveCfg = Release|Any CPU
		{44EE042E-EB69-413C-ACDF-6093450B908C}.Release|Any CPU.Build.0 = Release|Any CPU
	EndGlobalSection
	GlobalSection(SolutionProperties) = preSolution
		HideSolutionNode = FALSE
	EndGlobalSection
EndGlobal
